# This file is automatically @generated by Cargo.
# It is not intended for manual editing.
version = 3

[[package]]
name = "array"
version = "0.1.0"

[[package]]
name = "condition"
version = "0.1.0"

[[package]]
name = "generics"
version = "0.1.0"

[[package]]
name = "hello_cargo"
version = "0.1.0"

[[package]]
name = "if_let"
version = "0.1.0"

[[package]]
name = "links"
version = "0.1.0"

[[package]]
name = "loop"
version = "0.1.0"

[[package]]
name = "methods"
version = "0.1.0"

[[package]]
name = "std_traits"
version = "0.1.0"

[[package]]
name = "std_types"
version = "0.1.0"

[[package]]
name = "type_unpacking"
version = "0.1.0"

[[package]]
name = "user_types"
version = "0.1.0"
